
Microsoft Visual Studio Solution File, Format Version 12.00
# Visual Studio Version 17
VisualStudioVersion = 17.6.33723.286
MinimumVisualStudioVersion = 10.0.40219.1
Project("{9A19103F-16F7-4668-BE54-9A1E7A4F7556}") = "Swiss.FCh.Sparql", "Swiss.FCh.Sparql\Swiss.FCh.Sparql.csproj", "{861AF680-DB6D-4A90-BA28-6890082C2532}"
EndProject
Project("{FAE04EC0-301F-11D3-BF4B-00C04F79EFBC}") = "Swiss.FCh.Sparql.Tests", "Swiss.FCh.Sparql.Tests\Swiss.FCh.Sparql.Tests.csproj", "{E0111C72-C231-469F-AF69-203BDC31D695}"
EndProject
Project("{2150E333-8FDC-42A3-9474-1A3956D46DE8}") = "SolutionFolder", "SolutionFolder", "{9AD168B2-540D-4383-9BF5-0B5936D2D95E}"
	ProjectSection(SolutionItems) = preProject
		..\..\nuget.config = ..\..\nuget.config
	EndProjectSection
EndProject
Global
	GlobalSection(SolutionConfigurationPlatforms) = preSolution
		Debug|Any CPU = Debug|Any CPU
		Release|Any CPU = Release|Any CPU
	EndGlobalSection
	GlobalSection(ProjectConfigurationPlatforms) = postSolution
		{861AF680-DB6D-4A90-BA28-6890082C2532}.Debug|Any CPU.ActiveCfg = Debug|Any CPU
		{861AF680-DB6D-4A90-BA28-6890082C2532}.Debug|Any CPU.Build.0 = Debug|Any CPU
		{861AF680-DB6D-4A90-BA28-6890082C2532}.Release|Any CPU.ActiveCfg = Release|Any CPU
		{861AF680-DB6D-4A90-BA28-6890082C2532}.Release|Any CPU.Build.0 = Release|Any CPU
		{E0111C72-C231-469F-AF69-203BDC31D695}.Debug|Any CPU.ActiveCfg = Debug|Any CPU
		{E0111C72-C231-469F-AF69-203BDC31D695}.Debug|Any CPU.Build.0 = Debug|Any CPU
		{E0111C72-C231-469F-AF69-203BDC31D695}.Release|Any CPU.ActiveCfg = Release|Any CPU
		{E0111C72-C231-469F-AF69-203BDC31D695}.Release|Any CPU.Build.0 = Release|Any CPU
	EndGlobalSection
	GlobalSection(SolutionProperties) = preSolution
		HideSolutionNode = FALSE
	EndGlobalSection
	GlobalSection(ExtensibilityGlobals) = postSolution
		SolutionGuid = {9D2E6D42-5544-4187-BC2C-04337F096823}
	EndGlobalSection
EndGlobal
